
Microsoft Visual Studio Solution File, Format Version 12.00
# Visual Studio 15
VisualStudioVersion = 15.0.28307.271
MinimumVisualStudioVersion = 10.0.40219.1
Project("{FAE04EC0-301F-11D3-BF4B-00C04F79EFBC}") = "IoT_TestPublisher", "IoT_TestPublisher\IoT_TestPublisher.csproj", "{735400FE-D78D-4C21-88C5-70D1A152975D}"
EndProject
Global
	GlobalSection(SolutionConfigurationPlatforms) = preSolution
		Debug|Any CPU = Debug|Any CPU
		Release|Any CPU = Release|Any CPU
	EndGlobalSection
	GlobalSection(ProjectConfigurationPlatforms) = postSolution
		{735400FE-D78D-4C21-88C5-70D1A152975D}.Debug|Any CPU.ActiveCfg = Debug|Any CPU
		{735400FE-D78D-4C21-88C5-70D1A152975D}.Debug|Any CPU.Build.0 = Debug|Any CPU
		{735400FE-D78D-4C21-88C5-70D1A152975D}.Release|Any CPU.ActiveCfg = Release|Any CPU
		{735400FE-D78D-4C21-88C5-70D1A152975D}.Release|Any CPU.Build.0 = Release|Any CPU
	EndGlobalSection
	GlobalSection(SolutionProperties) = preSolution
		HideSolutionNode = FALSE
	EndGlobalSection
	GlobalSection(ExtensibilityGlobals) = postSolution
		SolutionGuid = {F57F8C13-C4F3-4B9A-9A6C-4EA27AC5D3C3}
	EndGlobalSection
EndGlobal
